
Microsoft Visual Studio Solution File, Format Version 12.00
Project("{FAE04EC0-301F-11D3-BF4B-00C04F79EFBC}") = "Pronia", "Pronia\Pronia.csproj", "{A007578D-478F-4640-A33A-C9E6AAA792CC}"
EndProject
Global
	GlobalSection(SolutionConfigurationPlatforms) = preSolution
		Debug|Any CPU = Debug|Any CPU
		Release|Any CPU = Release|Any CPU
	EndGlobalSection
	GlobalSection(ProjectConfigurationPlatforms) = postSolution
		{A007578D-478F-4640-A33A-C9E6AAA792CC}.Debug|Any CPU.ActiveCfg = Debug|Any CPU
		{A007578D-478F-4640-A33A-C9E6AAA792CC}.Debug|Any CPU.Build.0 = Debug|Any CPU
		{A007578D-478F-4640-A33A-C9E6AAA792CC}.Release|Any CPU.ActiveCfg = Release|Any CPU
		{A007578D-478F-4640-A33A-C9E6AAA792CC}.Release|Any CPU.Build.0 = Release|Any CPU
	EndGlobalSection
EndGlobal
